
Microsoft Visual Studio Solution File, Format Version 12.00
# Visual Studio Version 16
VisualStudioVersion = 16.0.33027.164
MinimumVisualStudioVersion = 10.0.40219.1
Project("{FAE04EC0-301F-11D3-BF4B-00C04F79EFBC}") = "AuthenticationAPI", "AuthenticationAPI\AuthenticationAPI.csproj", "{4E59EAD2-D3C3-4B85-BEE3-55A33839D90C}"
EndProject
Global
	GlobalSection(SolutionConfigurationPlatforms) = preSolution
		Debug|Any CPU = Debug|Any CPU
		Release|Any CPU = Release|Any CPU
	EndGlobalSection
	GlobalSection(ProjectConfigurationPlatforms) = postSolution
		{4E59EAD2-D3C3-4B85-BEE3-55A33839D90C}.Debug|Any CPU.ActiveCfg = Debug|Any CPU
		{4E59EAD2-D3C3-4B85-BEE3-55A33839D90C}.Debug|Any CPU.Build.0 = Debug|Any CPU
		{4E59EAD2-D3C3-4B85-BEE3-55A33839D90C}.Release|Any CPU.ActiveCfg = Release|Any CPU
		{4E59EAD2-D3C3-4B85-BEE3-55A33839D90C}.Release|Any CPU.Build.0 = Release|Any CPU
	EndGlobalSection
	GlobalSection(SolutionProperties) = preSolution
		HideSolutionNode = FALSE
	EndGlobalSection
	GlobalSection(ExtensibilityGlobals) = postSolution
		SolutionGuid = {679E5A61-D567-4AA1-810D-2D7091B127B2}
	EndGlobalSection
EndGlobal
